
Microsoft Visual Studio Solution File, Format Version 12.00
# Visual Studio Version 17
VisualStudioVersion = 17.2.32630.192
MinimumVisualStudioVersion = 10.0.40219.1
Project("{FAE04EC0-301F-11D3-BF4B-00C04F79EFBC}") = "CI_CD-GitHub", "CI_CD-GitHub\CI_CD-GitHub.csproj", "{43556828-DEA4-4561-B2CF-379F2D011A49}"
EndProject
Global
	GlobalSection(SolutionConfigurationPlatforms) = preSolution
		Debug|Any CPU = Debug|Any CPU
		Release|Any CPU = Release|Any CPU
	EndGlobalSection
	GlobalSection(ProjectConfigurationPlatforms) = postSolution
		{43556828-DEA4-4561-B2CF-379F2D011A49}.Debug|Any CPU.ActiveCfg = Debug|Any CPU
		{43556828-DEA4-4561-B2CF-379F2D011A49}.Debug|Any CPU.Build.0 = Debug|Any CPU
		{43556828-DEA4-4561-B2CF-379F2D011A49}.Release|Any CPU.ActiveCfg = Release|Any CPU
		{43556828-DEA4-4561-B2CF-379F2D011A49}.Release|Any CPU.Build.0 = Release|Any CPU
	EndGlobalSection
	GlobalSection(SolutionProperties) = preSolution
		HideSolutionNode = FALSE
	EndGlobalSection
	GlobalSection(ExtensibilityGlobals) = postSolution
		SolutionGuid = {1C8D1EF4-BD63-4CF2-AE19-DCCD3B8AAA69}
	EndGlobalSection
EndGlobal
